
Microsoft Visual Studio Solution File, Format Version 12.00
# Visual Studio Version 16
VisualStudioVersion = 16.0.30406.217
MinimumVisualStudioVersion = 10.0.40219.1
Project("{FAE04EC0-301F-11D3-BF4B-00C04F79EFBC}") = "Schneider", "Schneider\Schneider.csproj", "{5BA581D8-2E04-4852-8F94-FD637D698EE1}"
EndProject
Global
	GlobalSection(SolutionConfigurationPlatforms) = preSolution
		Debug|Any CPU = Debug|Any CPU
		Release|Any CPU = Release|Any CPU
	EndGlobalSection
	GlobalSection(ProjectConfigurationPlatforms) = postSolution
		{5BA581D8-2E04-4852-8F94-FD637D698EE1}.Debug|Any CPU.ActiveCfg = Debug|Any CPU
		{5BA581D8-2E04-4852-8F94-FD637D698EE1}.Debug|Any CPU.Build.0 = Debug|Any CPU
		{5BA581D8-2E04-4852-8F94-FD637D698EE1}.Release|Any CPU.ActiveCfg = Release|Any CPU
		{5BA581D8-2E04-4852-8F94-FD637D698EE1}.Release|Any CPU.Build.0 = Release|Any CPU
	EndGlobalSection
	GlobalSection(SolutionProperties) = preSolution
		HideSolutionNode = FALSE
	EndGlobalSection
	GlobalSection(ExtensibilityGlobals) = postSolution
		SolutionGuid = {9F619768-0A71-41B8-90BC-DE668A02F2EE}
	EndGlobalSection
EndGlobal
